schema: '2.0'
stages:
  prepare:
    cmd: python src/prepare.py data/data.xml
    deps:
    - path: data/data.xml
      md5: c1fa36d90caa8489a317eee917d8bf03
      size: 152077443
    - path: src/prepare.py
      md5: 51549a1c87b182ebdd785704f56ffaf1
      size: 1581
    params:
      params.yaml:
        prepare.seed: 20170428
        prepare.split: 0.2
    outs:
    - path: data/prepared
      md5: 030d86606a2849584caed1cfb0855bc6.dir
      size: 95583547
      nfiles: 2
  featurize:
    cmd: python src/featurization.py data/prepared data/features
    deps:
    - path: data/prepared
      md5: 030d86606a2849584caed1cfb0855bc6.dir
      size: 95583547
      nfiles: 2
    - path: src/featurization.py
      md5: 61c592707fd1b33e27819c87cf93f80a
      size: 2391
    params:
      params.yaml:
        featurize.max_features: 3000
        featurize.ngrams: 2
    outs:
    - path: data/features
      md5: b7e510d3fc1e7babb5e0f87cddd8a0e3.dir
      size: 51053750
      nfiles: 2
  train:
    cmd: python src/train.py data/features model.pkl
    deps:
    - path: data/features
      md5: b7e510d3fc1e7babb5e0f87cddd8a0e3.dir
      size: 51053750
      nfiles: 2
    - path: src/train.py
      md5: 9ab95496b29b6ea3418bbf20b9fe3473
      size: 964
    params:
      params.yaml:
        train.min_split: 64
        train.n_est: 100
        train.seed: 20170428
    outs:
    - path: model.pkl
      md5: 9a34307a8b7aec03ad10a117b3645e5b
      size: 8646525
  evaluate:
    cmd: python src/evaluate.py model.pkl data/features scores.json prc.json roc.json
    deps:
    - path: data/features
      md5: b7e510d3fc1e7babb5e0f87cddd8a0e3.dir
      size: 51053750
      nfiles: 2
    - path: model.pkl
      md5: 9a34307a8b7aec03ad10a117b3645e5b
      size: 8646525
    - path: src/evaluate.py
      md5: fb7b5209c9237ea6cf63550e5fe9b817
      size: 1943
    outs:
    - path: prc.json
      md5: 6882dc57105323f16d6f3c3f65a4a8e3
      size: 153382
    - path: roc.json
      md5: 51f395905bb8dfed12e4c410b9a13560
      size: 196514
    - path: scores.json
      md5: b4592a84f2ee7b878b472a6d96492829
      size: 72
